<?xml version="1.0" encoding="utf-8"?>
<Project ToolsVersion="4.0" xmlns="http://schemas.microsoft.com/developer/msbuild/2003">
  <ItemGroup>
    <Filter Include="Source Files">
      <UniqueIdentifier>{4FC737F1-C7A5-4376-A066-2A32D752A2FF}</UniqueIdentifier>
      <Extensions>cpp;c;cc;cxx;c++;cppm;ixx;def;odl;idl;hpj;bat;asm;asmx</Extensions>
    </Filter>
    <Filter Include="Header Files">
      <UniqueIdentifier>{93995380-89BD-4b04-88EB-625FBE52EBFB}</UniqueIdentifier>
      <Extensions>h;hh;hpp;hxx;h++;hm;inl;inc;ipp;xsd</Extensions>
    </Filter>
    <Filter Include="Resource Files">
      <UniqueIdentifier>{67DA6AB6-F800-4c08-8B7A-83BB121AAD01}</UniqueIdentifier>
      <Extensions>rc;ico;cur;bmp;dlg;rc2;rct;bin;rgs;gif;jpg;jpeg;jpe;resx;tiff;tif;png;wav;mfcribbon-ms</Extensions>
    </Filter>
    <Filter Include="Header Files\DataStructure">
      <UniqueIdentifier>{455b8e3a-989d-44fa-abfb-9393a9296763}</UniqueIdentifier>
    </Filter>
    <Filter Include="Header Files\Sort">
      <UniqueIdentifier>{9a9415f8-01a0-464d-9355-8960eaca2042}</UniqueIdentifier>
    </Filter>
    <Filter Include="Header Files\Containers">
      <UniqueIdentifier>{c9f83ad1-41cc-472f-a8c0-8cc4f76c505e}</UniqueIdentifier>
    </Filter>
    <Filter Include="Header Files\DesignPatern">
      <UniqueIdentifier>{ac7fd014-d767-4fa3-ba39-63cfbdd4558d}</UniqueIdentifier>
    </Filter>
    <Filter Include="Header Files\Trait">
      <UniqueIdentifier>{c550459b-74e9-448d-a95e-afcf5a09ca6a}</UniqueIdentifier>
    </Filter>
    <Filter Include="Header Files\Graph">
      <UniqueIdentifier>{cd3b5743-2141-467a-8000-d2d35d7e9a79}</UniqueIdentifier>
    </Filter>
    <Filter Include="Header Files\Iterator">
      <UniqueIdentifier>{cd3b5743-2141-467a-8000-d2d35d7e9t79}</UniqueIdentifier>
    </Filter>
  </ItemGroup>
  <ItemGroup>
    <ClInclude Include="DataStructure\AVL_Tree.h">
      <Filter>Header Files\DataStructure</Filter>
    </ClInclude>
    <ClInclude Include="DataStructure\BST_iterative.h">
      <Filter>Header Files\DataStructure</Filter>
    </ClInclude>
    <ClInclude Include="DataStructure\BST_recursive.h">
      <Filter>Header Files\DataStructure</Filter>
    </ClInclude>
    <ClInclude Include="DataStructure\Heap.h">
      <Filter>Header Files\DataStructure</Filter>
    </ClInclude>
    <ClInclude Include="DataStructure\RB_BST.h">
      <Filter>Header Files\DataStructure</Filter>
    </ClInclude>
    <ClInclude Include="DataStructure\RB_BST_iterative.h">
      <Filter>Header Files\DataStructure</Filter>
    </ClInclude>
    <ClInclude Include="DataStructure\rbAbstract.h">
      <Filter>Header Files\DataStructure</Filter>
    </ClInclude>
    <ClInclude Include="Sort\sort.h">
      <Filter>Header Files\Sort</Filter>
    </ClInclude>
    <ClInclude Include="Containers\deque.h">
      <Filter>Header Files\Containers</Filter>
    </ClInclude>
    <ClInclude Include="Containers\forward_list.h">
      <Filter>Header Files\Containers</Filter>
    </ClInclude>
    <ClInclude Include="Containers\list.h">
      <Filter>Header Files\Containers</Filter>
    </ClInclude>
    <ClInclude Include="Containers\set.h">
      <Filter>Header Files\Containers</Filter>
    </ClInclude>
    <ClInclude Include="Containers\vector.h">
      <Filter>Header Files\Containers</Filter>
    </ClInclude>
    <ClInclude Include="Containers\array.h">
      <Filter>Header Files\Containers</Filter>
    </ClInclude>
    <ClInclude Include="Dessign_Pattern\Singleton.h">
      <Filter>Header Files\DesignPatern</Filter>
    </ClInclude>
    <ClInclude Include="type_trait\type_traits.h">
      <Filter>Header Files\Trait</Filter>
    </ClInclude>
    <ClInclude Include="Graph\dfs_bfs.h">
      <Filter>Header Files\Graph</Filter>
    </ClInclude>
    <ClInclude Include="Graph\connected_components.h">
      <Filter>Header Files\Graph</Filter>
    </ClInclude>
    <ClInclude Include="Graph\minimal_distancei_inGraph.h">
      <Filter>Header Files\Graph</Filter>
    </ClInclude>
    <ClInclude Include="Graph\topological_sort.h">
      <Filter>Header Files\Graph</Filter>
    </ClInclude>
    <ClInclude Include="Graph\strongly_connected_components.h">
      <Filter>Header Files\Graph</Filter>
    </ClInclude>
    <ClInclude Include="Graph\dijkstra.h">
      <Filter>Header Files\Graph</Filter>
    </ClInclude>
    <ClInclude Include="Graph\floyd_warshal.h">
      <Filter>Header Files\Graph</Filter>
    </ClInclude>
    <ClInclude Include="DataStructure\rbTreeBase.h">
      <Filter>Header Files\DataStructure</Filter>
    </ClInclude>
    <ClInclude Include="Graph\eulerPathandCicle.h">
      <Filter>Header Files\Graph</Filter>
    </ClInclude>
    <ClInclude Include="Graph\minimumSpanningTree.h">
      <Filter>Header Files\Graph</Filter>
    </ClInclude>
    <ClInclude Include="DataStructure\SegmentTree.h">
      <Filter>Header Files\DataStructure</Filter>
    </ClInclude>
    <ClInclude Include="Iterator\iterator.h">
      <Filter>Header Files\Iterator</Filter>
    </ClInclude>
  </ItemGroup>
  <ItemGroup>
    <ClCompile Include="Source.cpp">
      <Filter>Source Files</Filter>
    </ClCompile>
  </ItemGroup>
</Project>